// !$*UTF8*$!
{
	archiveVersion = 1;
	classes = {
	};
	objectVersion = 50;
	objects = {

/* Begin PBXBuildFile section */
		DB62CBF124BB616800C4BF62 /* AppDelegate.swift in Sources */ = {isa = PBXBuildFile; fileRef = DB62CBF024BB616800C4BF62 /* AppDelegate.swift */; };
		DB62CBF324BB616800C4BF62 /* SceneDelegate.swift in Sources */ = {isa = PBXBuildFile; fileRef = DB62CBF224BB616800C4BF62 /* SceneDelegate.swift */; };
		DB62CBF524BB616800C4BF62 /* ContentView.swift in Sources */ = {isa = PBXBuildFile; fileRef = DB62CBF424BB616800C4BF62 /* ContentView.swift */; };
		DB62CBF724BB616F00C4BF62 /* Assets.xcassets in Resources */ = {isa = PBXBuildFile; fileRef = DB62CBF624BB616F00C4BF62 /* Assets.xcassets */; };
		DB62CBFA24BB616F00C4BF62 /* Preview Assets.xcassets in Resources */ = {isa = PBXBuildFile; fileRef = DB62CBF924BB616F00C4BF62 /* Preview Assets.xcassets */; };
		DB62CBFD24BB616F00C4BF62 /* LaunchScreen.storyboard in Resources */ = {isa = PBXBuildFile; fileRef = DB62CBFB24BB616F00C4BF62 /* LaunchScreen.storyboard */; };
/* End PBXBuildFile section */

/* Begin PBXFileReference section */
		DB62CBED24BB616800C4BF62 /* MyGameCatalogue.app */ = {isa = PBXFileReference; explicitFileType = wrapper.application; includeInIndex = 0; path = MyGameCatalogue.app; sourceTree = BUILT_PRODUCTS_DIR; };
		DB62CBF024BB616800C4BF62 /* AppDelegate.swift */ = {isa = PBXFileReference; lastKnownFileType = sourcecode.swift; path = AppDelegate.swift; sourceTree = "<group>"; };
		DB62CBF224BB616800C4BF62 /* SceneDelegate.swift */ = {isa = PBXFileReference; lastKnownFileType = sourcecode.swift; path = SceneDelegate.swift; sourceTree = "<group>"; };
		DB62CBF424BB616800C4BF62 /* ContentView.swift */ = {isa = PBXFileReference; lastKnownFileType = sourcecode.swift; path = ContentView.swift; sourceTree = "<group>"; };
		DB62CBF624BB616F00C4BF62 /* Assets.xcassets */ = {isa = PBXFileReference; lastKnownFileType = folder.assetcatalog; path = Assets.xcassets; sourceTree = "<group>"; };
		DB62CBF924BB616F00C4BF62 /* Preview Assets.xcassets */ = {isa = PBXFileReference; lastKnownFileType = folder.assetcatalog; path = "Preview Assets.xcassets"; sourceTree = "<group>"; };
		DB62CBFC24BB616F00C4BF62 /* Base */ = {isa = PBXFileReference; lastKnownFileType = file.storyboard; name = Base; path = Base.lproj/LaunchScreen.storyboard; sourceTree = "<group>"; };
		DB62CBFE24BB616F00C4BF62 /* Info.plist */ = {isa = PBXFileReference; lastKnownFileType = text.plist.xml; path = Info.plist; sourceTree = "<group>"; };
/* End PBXFileReference section */

/* Begin PBXFrameworksBuildPhase section */
		DB62CBEA24BB616800C4BF62 /* Frameworks */ = {
			isa = PBXFrameworksBuildPhase;
			buildActionMask = 2147483647;
			files = (
			);
			runOnlyForDeploymentPostprocessing = 0;
		};
/* End PBXFrameworksBuildPhase section */

/* Begin PBXGroup section */
		DB62CBE424BB616800C4BF62 = {
			isa = PBXGroup;
			children = (
				DB62CBEF24BB616800C4BF62 /* MyGameCatalogue */,
				DB62CBEE24BB616800C4BF62 /* Products */,
			);
			sourceTree = "<group>";
		};
		DB62CBEE24BB616800C4BF62 /* Products */ = {
			isa = PBXGroup;
			children = (
				DB62CBED24BB616800C4BF62 /* MyGameCatalogue.app */,
			);
			name = Products;
			sourceTree = "<group>";
		};
		DB62CBEF24BB616800C4BF62 /* MyGameCatalogue */ = {
			isa = PBXGroup;
			children = (
				DB62CBF024BB616800C4BF62 /* AppDelegate.swift */,
				DB62CBF224BB616800C4BF62 /* SceneDelegate.swift */,
				DB62CBF424BB616800C4BF62 /* ContentView.swift */,
				DB62CBF624BB616F00C4BF62 /* Assets.xcassets */,
				DB62CBFB24BB616F00C4BF62 /* LaunchScreen.storyboard */,
				DB62CBFE24BB616F00C4BF62 /* Info.plist */,
				DB62CBF824BB616F00C4BF62 /* Preview Content */,
			);
			path = MyGameCatalogue;
			sourceTree = "<group>";
		};
		DB62CBF824BB616F00C4BF62 /* Preview Content */ = {
			isa = PBXGroup;
			children = (
				DB62CBF924BB616F00C4BF62 /* Preview Assets.xcassets */,
			);
			path = "Preview Content";
			sourceTree = "<group>";
		};
/* End PBXGroup section */

/* Begin PBXNativeTarget section */
		DB62CBEC24BB616800C4BF62 /* MyGameCatalogue */ = {
			isa = PBXNativeTarget;
			buildConfigurationList = DB62CC0124BB616F00C4BF62 /* Build configuration list for PBXNativeTarget "MyGameCatalogue" */;
			buildPhases = (
				DB62CBE924BB616800C4BF62 /* Sources */,
				DB62CBEA24BB616800C4BF62 /* Frameworks */,
				DB62CBEB24BB616800C4BF62 /* Resources */,
			);
			buildRules = (
			);
			dependencies = (
			);
			name = MyGameCatalogue;
			productName = MyGameCatalogue;
			productReference = DB62CBED24BB616800C4BF62 /* MyGameCatalogue.app */;
			productType = "com.apple.product-type.application";
		};
/* End PBXNativeTarget section */

/* Begin PBXProject section */
		DB62CBE524BB616800C4BF62 /* Project object */ = {
			isa = PBXProject;
			attributes = {
				LastSwiftUpdateCheck = 1150;
				LastUpgradeCheck = 1150;
				ORGANIZATIONNAME = Nusantarian;
				TargetAttributes = {
					DB62CBEC24BB616800C4BF62 = {
						CreatedOnToolsVersion = 11.5;
					};
				};
			};
			buildConfigurationList = DB62CBE824BB616800C4BF62 /* Build configuration list for PBXProject "MyGameCatalogue" */;
			compatibilityVersion = "Xcode 9.3";
			developmentRegion = en;
			hasScannedForEncodings = 0;
			knownRegions = (
				en,
				Base,
			);
			mainGroup = DB62CBE424BB616800C4BF62;
			productRefGroup = DB62CBEE24BB616800C4BF62 /* Products */;
			projectDirPath = "";
			projectRoot = "";
			targets = (
				DB62CBEC24BB616800C4BF62 /* MyGameCatalogue */,
			);
		};
/* End PBXProject section */

/* Begin PBXResourcesBuildPhase section */
		DB62CBEB24BB616800C4BF62 /* Resources */ = {
			isa = PBXResourcesBuildPhase;
			buildActionMask = 2147483647;
			files = (
				DB62CBFD24BB616F00C4BF62 /* LaunchScreen.storyboard in Resources */,
				DB62CBFA24BB616F00C4BF62 /* Preview Assets.xcassets in Resources */,
				DB62CBF724BB616F00C4BF62 /* Assets.xcassets in Resources */,
			);
			runOnlyForDeploymentPostprocessing = 0;
		};
/* End PBXResourcesBuildPhase section */

/* Begin PBXSourcesBuildPhase section */
		DB62CBE924BB616800C4BF62 /* Sources */ = {
			isa = PBXSourcesBuildPhase;
			buildActionMask = 2147483647;
			files = (
				DB62CBF124BB616800C4BF62 /* AppDelegate.swift in Sources */,
				DB62CBF324BB616800C4BF62 /* SceneDelegate.swift in Sources */,
				DB62CBF524BB616800C4BF62 /* ContentView.swift in Sources */,
			);
			runOnlyForDeploymentPostprocessing = 0;
		};
/* End PBXSourcesBuildPhase section */

/* Begin PBXVariantGroup section */
		DB62CBFB24BB616F00C4BF62 /* LaunchScreen.storyboard */ = {
			isa = PBXVariantGroup;
			children = (
				DB62CBFC24BB616F00C4BF62 /* Base */,
			);
			name = LaunchScreen.storyboard;
			sourceTree = "<group>";
		};
/* End PBXVariantGroup section */

/* Begin XCBuildConfiguration section */
		DB62CBFF24BB616F00C4BF62 /* Debug */ = {
			isa = XCBuildConfiguration;
			buildSettings = {
				ALWAYS_SEARCH_USER_PATHS = NO;
				CLANG_ANALYZER_NONNULL = YES;
				CLANG_ANALYZER_NUMBER_OBJECT_CONVERSION = YES_AGGRESSIVE;
				CLANG_CXX_LANGUAGE_STANDARD = "gnu++14";
				CLANG_CXX_LIBRARY = "libc++";
				CLANG_ENABLE_MODULES = YES;
				CLANG_ENABLE_OBJC_ARC = YES;
				CLANG_ENABLE_OBJC_WEAK = YES;
				CLANG_WARN_BLOCK_CAPTURE_AUTORELEASING = YES;
				CLANG_WARN_BOOL_CONVERSION = YES;
				CLANG_WARN_COMMA = YES;
				CLANG_WARN_CONSTANT_CONVERSION = YES;
				CLANG_WARN_DEPRECATED_OBJC_IMPLEMENTATIONS = YES;
				CLANG_WARN_DIRECT_OBJC_ISA_USAGE = YES_ERROR;
				CLANG_WARN_DOCUMENTATION_COMMENTS = YES;
				CLANG_WARN_EMPTY_BODY = YES;
				CLANG_WARN_ENUM_CONVERSION = YES;
				CLANG_WARN_INFINITE_RECURSION = YES;
				CLANG_WARN_INT_CONVERSION = YES;
				CLANG_WARN_NON_LITERAL_NULL_CONVERSION = YES;
				CLANG_WARN_OBJC_IMPLICIT_RETAIN_SELF = YES;
				CLANG_WARN_OBJC_LITERAL_CONVERSION = YES;
				CLANG_WARN_OBJC_ROOT_CLASS = YES_ERROR;
				CLANG_WARN_RANGE_LOOP_ANALYSIS = YES;
				CLANG_WARN_STRICT_PROTOTYPES = YES;
				CLANG_WARN_SUSPICIOUS_MOVE = YES;
				CLANG_WARN_UNGUARDED_AVAILABILITY = YES_AGGRESSIVE;
				CLANG_WARN_UNREACHABLE_CODE = YES;
				CLANG_WARN__DUPLICATE_METHOD_MATCH = YES;
				COPY_PHASE_STRIP = NO;
				DEBUG_INFORMATION_FORMAT = dwarf;
				ENABLE_STRICT_OBJC_MSGSEND = YES;
				ENABLE_TESTABILITY = YES;
				GCC_C_LANGUAGE_STANDARD = gnu11;
				GCC_DYNAMIC_NO_PIC = NO;
				GCC_NO_COMMON_BLOCKS = YES;
				GCC_OPTIMIZATION_LEVEL = 0;
				GCC_PREPROCESSOR_DEFINITIONS = (
					"DEBUG=1",
					"$(inherited)",
				);
				GCC_WARN_64_TO_32_BIT_CONVERSION = YES;
				GCC_WARN_ABOUT_RETURN_TYPE = YES_ERROR;
				GCC_WARN_UNDECLARED_SELECTOR = YES;
				GCC_WARN_UNINITIALIZED_AUTOS = YES_AGGRESSIVE;
				GCC_WARN_UNUSED_FUNCTION = YES;
				GCC_WARN_UNUSED_VARIABLE = YES;
				IPHONEOS_DEPLOYMENT_TARGET = 13.5;
				MTL_ENABLE_DEBUG_INFO = INCLUDE_SOURCE;
				MTL_FAST_MATH = YES;
				ONLY_ACTIVE_ARCH = YES;
				SDKROOT = iphoneos;
				SWIFT_ACTIVE_COMPILATION_CONDITIONS = DEBUG;
				SWIFT_OPTIMIZATION_LEVEL = "-Onone";
			};
			name = Debug;
		};
		DB62CC0024BB616F00C4BF62 /* Release */ = {
			isa = XCBuildConfiguration;
			buildSettings = {
				ALWAYS_SEARCH_USER_PATHS = NO;
				CLANG_ANALYZER_NONNULL = YES;
				CLANG_ANALYZER_NUMBER_OBJECT_CONVERSION = YES_AGGRESSIVE;
				CLANG_CXX_LANGUAGE_STANDARD = "gnu++14";
				CLANG_CXX_LIBRARY = "libc++";
				CLANG_ENABLE_MODULES = YES;
				CLANG_ENABLE_OBJC_ARC = YES;
				CLANG_ENABLE_OBJC_WEAK = YES;
				CLANG_WARN_BLOCK_CAPTURE_AUTORELEASING = YES;
				CLANG_WARN_BOOL_CONVERSION = YES;
				CLANG_WARN_COMMA = YES;
				CLANG_WARN_CONSTANT_CONVERSION = YES;
				CLANG_WARN_DEPRECATED_OBJC_IMPLEMENTATIONS = YES;
				CLANG_WARN_DIRECT_OBJC_ISA_USAGE = YES_ERROR;
				CLANG_WARN_DOCUMENTATION_COMMENTS = YES;
				CLANG_WARN_EMPTY_BODY = YES;
				CLANG_WARN_ENUM_CONVERSION = YES;
				CLANG_WARN_INFINITE_RECURSION = YES;
				CLANG_WARN_INT_CONVERSION = YES;
				CLANG_WARN_NON_LITERAL_NULL_CONVERSION = YES;
				CLANG_WARN_OBJC_IMPLICIT_RETAIN_SELF = YES;
				CLANG_WARN_OBJC_LITERAL_CONVERSION = YES;
				CLANG_WARN_OBJC_ROOT_CLASS = YES_ERROR;
				CLANG_WARN_RANGE_LOOP_ANALYSIS = YES;
				CLANG_WARN_STRICT_PROTOTYPES = YES;
				CLANG_WARN_SUSPICIOUS_MOVE = YES;
				CLANG_WARN_UNGUARDED_AVAILABILITY = YES_AGGRESSIVE;
				CLANG_WARN_UNREACHABLE_CODE = YES;
				CLANG_WARN__DUPLICATE_METHOD_MATCH = YES;
				COPY_PHASE_STRIP = NO;
				DEBUG_INFORMATION_FORMAT = "dwarf-with-dsym";
				ENABLE_NS_ASSERTIONS = NO;
				ENABLE_STRICT_OBJC_MSGSEND = YES;
				GCC_C_LANGUAGE_STANDARD = gnu11;
				GCC_NO_COMMON_BLOCKS = YES;
				GCC_WARN_64_TO_32_BIT_CONVERSION = YES;
				GCC_WARN_ABOUT_RETURN_TYPE = YES_ERROR;
				GCC_WARN_UNDECLARED_SELECTOR = YES;
				GCC_WARN_UNINITIALIZED_AUTOS = YES_AGGRESSIVE;
				GCC_WARN_UNUSED_FUNCTION = YES;
				GCC_WARN_UNUSED_VARIABLE = YES;
				IPHONEOS_DEPLOYMENT_TARGET = 13.5;
				MTL_ENABLE_DEBUG_INFO = NO;
				MTL_FAST_MATH = YES;
				SDKROOT = iphoneos;
				SWIFT_COMPILATION_MODE = wholemodule;
				SWIFT_OPTIMIZATION_LEVEL = "-O";
				VALIDATE_PRODUCT = YES;
			};
			name = Release;
		};
		DB62CC0224BB616F00C4BF62 /* Debug */ = {
			isa = XCBuildConfiguration;
			buildSettings = {
				ASSETCATALOG_COMPILER_APPICON_NAME = AppIcon;
				CODE_SIGN_STYLE = Automatic;
				DEVELOPMENT_ASSET_PATHS = "\"MyGameCatalogue/Preview Content\"";
				DEVELOPMENT_TEAM = 4VS8P3JBH9;
				ENABLE_PREVIEWS = YES;
				INFOPLIST_FILE = MyGameCatalogue/Info.plist;
				LD_RUNPATH_SEARCH_PATHS = (
					"$(inherited)",
					"@executable_path/Frameworks",
				);
				PRODUCT_BUNDLE_IDENTIFIER = com.nusantarian.MyGameCatalogue;
				PRODUCT_NAME = "$(TARGET_NAME)";
				SWIFT_VERSION = 5.0;
				TARGETED_DEVICE_FAMILY = "1,2";
			};
			name = Debug;
		};
		DB62CC0324BB616F00C4BF62 /* Release */ = {
			isa = XCBuildConfiguration;
			buildSettings = {
				ASSETCATALOG_COMPILER_APPICON_NAME = AppIcon;
				CODE_SIGN_STYLE = Automatic;
				DEVELOPMENT_ASSET_PATHS = "\"MyGameCatalogue/Preview Content\"";
				DEVELOPMENT_TEAM = 4VS8P3JBH9;
				ENABLE_PREVIEWS = YES;
				INFOPLIST_FILE = MyGameCatalogue/Info.plist;
				LD_RUNPATH_SEARCH_PATHS = (
					"$(inherited)",
					"@executable_path/Frameworks",
				);
				PRODUCT_BUNDLE_IDENTIFIER = com.nusantarian.MyGameCatalogue;
				PRODUCT_NAME = "$(TARGET_NAME)";
				SWIFT_VERSION = 5.0;
				TARGETED_DEVICE_FAMILY = "1,2";
			};
			name = Release;
		};
/* End XCBuildConfiguration section */

/* Begin XCConfigurationList section */
		DB62CBE824BB616800C4BF62 /* Build configuration list for PBXProject "MyGameCatalogue" */ = {
			isa = XCConfigurationList;
			buildConfigurations = (
				DB62CBFF24BB616F00C4BF62 /* Debug */,
				DB62CC0024BB616F00C4BF62 /* Release */,
			);
			defaultConfigurationIsVisible = 0;
			defaultConfigurationName = Release;
		};
		DB62CC0124BB616F00C4BF62 /* Build configuration list for PBXNativeTarget "MyGameCatalogue" */ = {
			isa = XCConfigurationList;
			buildConfigurations = (
				DB62CC0224BB616F00C4BF62 /* Debug */,
				DB62CC0324BB616F00C4BF62 /* Release */,
			);
			defaultConfigurationIsVisible = 0;
			defaultConfigurationName = Release;
		};
/* End XCConfigurationList section */
	};
	rootObject = DB62CBE524BB616800C4BF62 /* Project object */;
}
